
Microsoft Visual Studio Solution File, Format Version 12.00
# Visual Studio Version 16
VisualStudioVersion = 16.0.30104.148
MinimumVisualStudioVersion = 10.0.40219.1
Project("{FAE04EC0-301F-11D3-BF4B-00C04F79EFBC}") = "DoAn_QLTVSachCNTT", "DoAn_QLTVSachCNTT\DoAn_QLTVSachCNTT.csproj", "{954AAB58-B7AA-403F-A727-1CCC24C3EAE0}"
EndProject
Global
	GlobalSection(SolutionConfigurationPlatforms) = preSolution
		Debug|Any CPU = Debug|Any CPU
		Release|Any CPU = Release|Any CPU
	EndGlobalSection
	GlobalSection(ProjectConfigurationPlatforms) = postSolution
		{954AAB58-B7AA-403F-A727-1CCC24C3EAE0}.Debug|Any CPU.ActiveCfg = Debug|Any CPU
		{954AAB58-B7AA-403F-A727-1CCC24C3EAE0}.Debug|Any CPU.Build.0 = Debug|Any CPU
		{954AAB58-B7AA-403F-A727-1CCC24C3EAE0}.Release|Any CPU.ActiveCfg = Release|Any CPU
		{954AAB58-B7AA-403F-A727-1CCC24C3EAE0}.Release|Any CPU.Build.0 = Release|Any CPU
	EndGlobalSection
	GlobalSection(SolutionProperties) = preSolution
		HideSolutionNode = FALSE
	EndGlobalSection
	GlobalSection(ExtensibilityGlobals) = postSolution
		SolutionGuid = {3ADFF32F-95AF-4B0E-81A9-F073693C5E12}
	EndGlobalSection
EndGlobal
